
Microsoft Visual Studio Solution File, Format Version 12.00
# Visual Studio Version 17
VisualStudioVersion = 17.14.36429.23
MinimumVisualStudioVersion = 10.0.40219.1
Project("{FAE04EC0-301F-11D3-BF4B-00C04F79EFBC}") = "aplication", "aplication\aplication.csproj", "{DE4267AB-99C9-4D1A-93E7-C1931B1FFCF0}"
EndProject
Project("{FAE04EC0-301F-11D3-BF4B-00C04F79EFBC}") = "infra", "infra\infra.csproj", "{0A087A8E-0F09-48D4-A705-B9A8AA6349C1}"
EndProject
Project("{FAE04EC0-301F-11D3-BF4B-00C04F79EFBC}") = "web", "web\web.csproj", "{EA0D175A-5DAC-4FF6-9AAA-C6E18C08A83B}"
	ProjectSection(ProjectDependencies) = postProject
		{DE4267AB-99C9-4D1A-93E7-C1931B1FFCF0} = {DE4267AB-99C9-4D1A-93E7-C1931B1FFCF0}
	EndProjectSection
EndProject
Project("{FAE04EC0-301F-11D3-BF4B-00C04F79EFBC}") = "domin", "domin\domin.csproj", "{41C62636-22B1-BA0D-F68A-689D78ADA735}"
EndProject
Global
	GlobalSection(SolutionConfigurationPlatforms) = preSolution
		Debug|Any CPU = Debug|Any CPU
		Release|Any CPU = Release|Any CPU
	EndGlobalSection
	GlobalSection(ProjectConfigurationPlatforms) = postSolution
		{DE4267AB-99C9-4D1A-93E7-C1931B1FFCF0}.Debug|Any CPU.ActiveCfg = Debug|Any CPU
		{DE4267AB-99C9-4D1A-93E7-C1931B1FFCF0}.Debug|Any CPU.Build.0 = Debug|Any CPU
		{DE4267AB-99C9-4D1A-93E7-C1931B1FFCF0}.Release|Any CPU.ActiveCfg = Release|Any CPU
		{DE4267AB-99C9-4D1A-93E7-C1931B1FFCF0}.Release|Any CPU.Build.0 = Release|Any CPU
		{0A087A8E-0F09-48D4-A705-B9A8AA6349C1}.Debug|Any CPU.ActiveCfg = Debug|Any CPU
		{0A087A8E-0F09-48D4-A705-B9A8AA6349C1}.Debug|Any CPU.Build.0 = Debug|Any CPU
		{0A087A8E-0F09-48D4-A705-B9A8AA6349C1}.Release|Any CPU.ActiveCfg = Release|Any CPU
		{0A087A8E-0F09-48D4-A705-B9A8AA6349C1}.Release|Any CPU.Build.0 = Release|Any CPU
		{EA0D175A-5DAC-4FF6-9AAA-C6E18C08A83B}.Debug|Any CPU.ActiveCfg = Debug|Any CPU
		{EA0D175A-5DAC-4FF6-9AAA-C6E18C08A83B}.Debug|Any CPU.Build.0 = Debug|Any CPU
		{EA0D175A-5DAC-4FF6-9AAA-C6E18C08A83B}.Release|Any CPU.ActiveCfg = Release|Any CPU
		{EA0D175A-5DAC-4FF6-9AAA-C6E18C08A83B}.Release|Any CPU.Build.0 = Release|Any CPU
		{41C62636-22B1-BA0D-F68A-689D78ADA735}.Debug|Any CPU.ActiveCfg = Debug|Any CPU
		{41C62636-22B1-BA0D-F68A-689D78ADA735}.Debug|Any CPU.Build.0 = Debug|Any CPU
		{41C62636-22B1-BA0D-F68A-689D78ADA735}.Release|Any CPU.ActiveCfg = Release|Any CPU
		{41C62636-22B1-BA0D-F68A-689D78ADA735}.Release|Any CPU.Build.0 = Release|Any CPU
	EndGlobalSection
	GlobalSection(SolutionProperties) = preSolution
		HideSolutionNode = FALSE
	EndGlobalSection
	GlobalSection(ExtensibilityGlobals) = postSolution
		SolutionGuid = {096D2205-5AF2-427F-B4C8-A8D160A04243}
	EndGlobalSection
EndGlobal
